{
	"name": "@dxjs/shared",
	"version": "0.0.0",
	"lockfileVersion": 1,
	"requires": true,
	"dependencies": {
		"@babel/runtime": {
			"version": "7.9.2",
			"resolved": "https://registry.npm.taobao.org/@babel/runtime/download/@babel/runtime-7.9.2.tgz",
			"integrity": "sha1-2Q3wWDo6JS8JqqYZZlNnuuUY2wY=",
			"requires": {
				"regenerator-runtime": "^0.13.4"
			}
		},
		"@redux-saga/core": {
			"version": "1.1.3",
			"resolved": "https://registry.npm.taobao.org/@redux-saga/core/download/@redux-saga/core-1.1.3.tgz",
			"integrity": "sha1-MIUJe1ek6o21Uo1YZz8gzglQ9qQ=",
			"requires": {
				"@babel/runtime": "^7.6.3",
				"@redux-saga/deferred": "^1.1.2",
				"@redux-saga/delay-p": "^1.1.2",
				"@redux-saga/is": "^1.1.2",
				"@redux-saga/symbols": "^1.1.2",
				"@redux-saga/types": "^1.1.0",
				"redux": "^4.0.4",
				"typescript-tuple": "^2.2.1"
			}
		},
		"@redux-saga/deferred": {
			"version": "1.1.2",
			"resolved": "https://registry.npm.taobao.org/@redux-saga/deferred/download/@redux-saga/deferred-1.1.2.tgz",
			"integrity": "sha1-WZN6Drpx//KJ8TECM7xRgRenGIg="
		},
		"@redux-saga/delay-p": {
			"version": "1.1.2",
			"resolved": "https://registry.npm.taobao.org/@redux-saga/delay-p/download/@redux-saga/delay-p-1.1.2.tgz",
			"integrity": "sha1-j1FfSwCbBbAqN6fD0Mqd3BV7s1U=",
			"requires": {
				"@redux-saga/symbols": "^1.1.2"
			}
		},
		"@redux-saga/is": {
			"version": "1.1.2",
			"resolved": "https://registry.npm.taobao.org/@redux-saga/is/download/@redux-saga/is-1.1.2.tgz",
			"integrity": "sha1-rmyEIfWPy6gPr3ytt9ZbMDuX5Y4=",
			"requires": {
				"@redux-saga/symbols": "^1.1.2",
				"@redux-saga/types": "^1.1.0"
			}
		},
		"@redux-saga/symbols": {
			"version": "1.1.2",
			"resolved": "https://registry.npm.taobao.org/@redux-saga/symbols/download/@redux-saga/symbols-1.1.2.tgz",
			"integrity": "sha1-IWpnKkh/wlaHK4A0g1r8IqLQWV0="
		},
		"@redux-saga/types": {
			"version": "1.1.0",
			"resolved": "https://registry.npm.taobao.org/@redux-saga/types/download/@redux-saga/types-1.1.0.tgz",
			"integrity": "sha1-DoHOVrSIO0sqMAHr4aspi4QjcgQ="
		},
		"d": {
			"version": "1.0.1",
			"resolved": "https://registry.npm.taobao.org/d/download/d-1.0.1.tgz?cache=0&sync_timestamp=1560529642619&other_urls=https%3A%2F%2Fregistry.npm.taobao.org%2Fd%2Fdownload%2Fd-1.0.1.tgz",
			"integrity": "sha1-hpgJU3LVjb7jRv/Qxwk/mfj561o=",
			"requires": {
				"es5-ext": "^0.10.50",
				"type": "^1.0.1"
			}
		},
		"es5-ext": {
			"version": "0.10.53",
			"resolved": "https://registry.npm.taobao.org/es5-ext/download/es5-ext-0.10.53.tgz",
			"integrity": "sha1-k8WjrP2+8nUiCtcmRK0C7hg2jeE=",
			"requires": {
				"es6-iterator": "~2.0.3",
				"es6-symbol": "~3.1.3",
				"next-tick": "~1.0.0"
			}
		},
		"es6-iterator": {
			"version": "2.0.3",
			"resolved": "https://registry.npm.taobao.org/es6-iterator/download/es6-iterator-2.0.3.tgz",
			"integrity": "sha1-p96IkUGgWpSwhUQDstCg+/qY87c=",
			"requires": {
				"d": "1",
				"es5-ext": "^0.10.35",
				"es6-symbol": "^3.1.1"
			}
		},
		"es6-symbol": {
			"version": "3.1.3",
			"resolved": "https://registry.npm.taobao.org/es6-symbol/download/es6-symbol-3.1.3.tgz",
			"integrity": "sha1-utXTwbzawoJp9MszHkMceKxwXRg=",
			"requires": {
				"d": "^1.0.1",
				"ext": "^1.1.2"
			}
		},
		"ext": {
			"version": "1.4.0",
			"resolved": "https://registry.npm.taobao.org/ext/download/ext-1.4.0.tgz",
			"integrity": "sha1-ia56BxWPedNVF4gpBDJAd+Q3kkQ=",
			"requires": {
				"type": "^2.0.0"
			},
			"dependencies": {
				"type": {
					"version": "2.0.0",
					"resolved": "https://registry.npm.taobao.org/type/download/type-2.0.0.tgz",
					"integrity": "sha1-Xxb/bvLrRPJgSU2uJxAzspwJqcM="
				}
			}
		},
		"js-tokens": {
			"version": "4.0.0",
			"resolved": "https://registry.npm.taobao.org/js-tokens/download/js-tokens-4.0.0.tgz?cache=0&sync_timestamp=1586796260005&other_urls=https%3A%2F%2Fregistry.npm.taobao.org%2Fjs-tokens%2Fdownload%2Fjs-tokens-4.0.0.tgz",
			"integrity": "sha1-GSA/tZmR35jjoocFDUZHzerzJJk="
		},
		"loose-envify": {
			"version": "1.4.0",
			"resolved": "https://registry.npm.taobao.org/loose-envify/download/loose-envify-1.4.0.tgz",
			"integrity": "sha1-ce5R+nvkyuwaY4OffmgtgTLTDK8=",
			"requires": {
				"js-tokens": "^3.0.0 || ^4.0.0"
			}
		},
		"next-tick": {
			"version": "1.0.0",
			"resolved": "https://registry.npm.taobao.org/next-tick/download/next-tick-1.0.0.tgz",
			"integrity": "sha1-yobR/ogoFpsBICCOPchCS524NCw="
		},
		"redux": {
			"version": "4.0.5",
			"resolved": "https://registry.npm.taobao.org/redux/download/redux-4.0.5.tgz",
			"integrity": "sha1-TbXeWBbheJHeioDEJCMtBvBR2T8=",
			"requires": {
				"loose-envify": "^1.4.0",
				"symbol-observable": "^1.2.0"
			}
		},
		"redux-saga": {
			"version": "1.1.3",
			"resolved": "https://registry.npm.taobao.org/redux-saga/download/redux-saga-1.1.3.tgz",
			"integrity": "sha1-nz5q69PJlLvA9pAaYl+aQrUdERI=",
			"requires": {
				"@redux-saga/core": "^1.1.3"
			}
		},
		"regenerator-runtime": {
			"version": "0.13.5",
			"resolved": "https://registry.npm.taobao.org/regenerator-runtime/download/regenerator-runtime-0.13.5.tgz?cache=0&sync_timestamp=1584052481783&other_urls=https%3A%2F%2Fregistry.npm.taobao.org%2Fregenerator-runtime%2Fdownload%2Fregenerator-runtime-0.13.5.tgz",
			"integrity": "sha1-2Hih0JS0MG0QuQlkhLM+vVXiZpc="
		},
		"symbol-observable": {
			"version": "1.2.0",
			"resolved": "https://registry.npm.taobao.org/symbol-observable/download/symbol-observable-1.2.0.tgz",
			"integrity": "sha1-wiaIrtTqs83C3+rLtWFmBWCgCAQ="
		},
		"type": {
			"version": "1.2.0",
			"resolved": "https://registry.npm.taobao.org/type/download/type-1.2.0.tgz",
			"integrity": "sha1-hI3XaY2vo+VKbEeedZxLw/GIR6A="
		},
		"typescript-compare": {
			"version": "0.0.2",
			"resolved": "https://registry.npm.taobao.org/typescript-compare/download/typescript-compare-0.0.2.tgz",
			"integrity": "sha1-fuQKQApAbC6gp+VR79MwkCHV9CU=",
			"requires": {
				"typescript-logic": "^0.0.0"
			}
		},
		"typescript-logic": {
			"version": "0.0.0",
			"resolved": "https://registry.npm.taobao.org/typescript-logic/download/typescript-logic-0.0.0.tgz",
			"integrity": "sha1-ZuvYKiVI8rREpDZnvsEgtJaJAZY="
		},
		"typescript-tuple": {
			"version": "2.2.1",
			"resolved": "https://registry.npm.taobao.org/typescript-tuple/download/typescript-tuple-2.2.1.tgz",
			"integrity": "sha1-fZgT+0s1X2msVQMuA2Pouw8E2tI=",
			"requires": {
				"typescript-compare": "^0.0.2"
			}
		}
	}
}
