{
  "name": "@dxjs/core",
  "version": "0.0.0",
  "lockfileVersion": 1,
  "requires": true,
  "dependencies": {
    "@babel/runtime": {
      "version": "7.9.2",
      "resolved": "https://registry.npm.taobao.org/@babel/runtime/download/@babel/runtime-7.9.2.tgz",
      "integrity": "sha1-2Q3wWDo6JS8JqqYZZlNnuuUY2wY=",
      "requires": {
        "regenerator-runtime": "^0.13.4"
      }
    },
    "@chores/tsconfig": {
      "version": "1.0.1",
      "resolved": "https://registry.npmjs.org/@chores/tsconfig/-/tsconfig-1.0.1.tgz",
      "integrity": "sha512-YDeCQwgtEHo1DuWbctF044EFqgLzdNL262u++9+YGx7DKnXuCp/F2DUszMbw0EMKwme7dwtn2tQC5DT15tWyzw==",
      "dev": true
    },
    "@redux-saga/core": {
      "version": "1.1.3",
      "resolved": "https://registry.npm.taobao.org/@redux-saga/core/download/@redux-saga/core-1.1.3.tgz",
      "integrity": "sha1-MIUJe1ek6o21Uo1YZz8gzglQ9qQ=",
      "requires": {
        "@babel/runtime": "^7.6.3",
        "@redux-saga/deferred": "^1.1.2",
        "@redux-saga/delay-p": "^1.1.2",
        "@redux-saga/is": "^1.1.2",
        "@redux-saga/symbols": "^1.1.2",
        "@redux-saga/types": "^1.1.0",
        "redux": "^4.0.4",
        "typescript-tuple": "^2.2.1"
      }
    },
    "@redux-saga/deferred": {
      "version": "1.1.2",
      "resolved": "https://registry.npm.taobao.org/@redux-saga/deferred/download/@redux-saga/deferred-1.1.2.tgz",
      "integrity": "sha1-WZN6Drpx//KJ8TECM7xRgRenGIg="
    },
    "@redux-saga/delay-p": {
      "version": "1.1.2",
      "resolved": "https://registry.npm.taobao.org/@redux-saga/delay-p/download/@redux-saga/delay-p-1.1.2.tgz",
      "integrity": "sha1-j1FfSwCbBbAqN6fD0Mqd3BV7s1U=",
      "requires": {
        "@redux-saga/symbols": "^1.1.2"
      }
    },
    "@redux-saga/is": {
      "version": "1.1.2",
      "resolved": "https://registry.npm.taobao.org/@redux-saga/is/download/@redux-saga/is-1.1.2.tgz",
      "integrity": "sha1-rmyEIfWPy6gPr3ytt9ZbMDuX5Y4=",
      "requires": {
        "@redux-saga/symbols": "^1.1.2",
        "@redux-saga/types": "^1.1.0"
      }
    },
    "@redux-saga/symbols": {
      "version": "1.1.2",
      "resolved": "https://registry.npm.taobao.org/@redux-saga/symbols/download/@redux-saga/symbols-1.1.2.tgz",
      "integrity": "sha1-IWpnKkh/wlaHK4A0g1r8IqLQWV0="
    },
    "@redux-saga/types": {
      "version": "1.1.0",
      "resolved": "https://registry.npm.taobao.org/@redux-saga/types/download/@redux-saga/types-1.1.0.tgz",
      "integrity": "sha1-DoHOVrSIO0sqMAHr4aspi4QjcgQ="
    },
    "@types/hoist-non-react-statics": {
      "version": "3.3.1",
      "resolved": "https://registry.npm.taobao.org/@types/hoist-non-react-statics/download/@types/hoist-non-react-statics-3.3.1.tgz",
      "integrity": "sha1-ESSq/lEYy1kZd66xzqrtEHDrA58=",
      "dev": true,
      "requires": {
        "@types/react": "*",
        "hoist-non-react-statics": "^3.3.0"
      }
    },
    "@types/invariant": {
      "version": "2.2.31",
      "resolved": "https://registry.npm.taobao.org/@types/invariant/download/@types/invariant-2.2.31.tgz?cache=0&sync_timestamp=1580842572936&other_urls=https%3A%2F%2Fregistry.npm.taobao.org%2F%40types%2Finvariant%2Fdownload%2F%40types%2Finvariant-2.2.31.tgz",
      "integrity": "sha1-RETAMATyFSidvKOFZThDQxfdKLI=",
      "dev": true
    },
    "@types/prop-types": {
      "version": "15.7.3",
      "resolved": "https://registry.npm.taobao.org/@types/prop-types/download/@types/prop-types-15.7.3.tgz",
      "integrity": "sha1-KrDV2i5YFflLC51LldHl8kOrLKc=",
      "dev": true
    },
    "@types/react": {
      "version": "16.9.29",
      "resolved": "https://registry.npm.taobao.org/@types/react/download/@types/react-16.9.29.tgz?cache=0&sync_timestamp=1585617208016&other_urls=https%3A%2F%2Fregistry.npm.taobao.org%2F%40types%2Freact%2Fdownload%2F%40types%2Freact-16.9.29.tgz",
      "integrity": "sha1-QcA1O16pFs23p+ibgLCbJoyHovg=",
      "dev": true,
      "requires": {
        "@types/prop-types": "*",
        "csstype": "^2.2.0"
      }
    },
    "@types/react-redux": {
      "version": "7.1.7",
      "resolved": "https://registry.npm.taobao.org/@types/react-redux/download/@types/react-redux-7.1.7.tgz?cache=0&sync_timestamp=1580865748465&other_urls=https%3A%2F%2Fregistry.npm.taobao.org%2F%40types%2Freact-redux%2Fdownload%2F%40types%2Freact-redux-7.1.7.tgz",
      "integrity": "sha1-EqDFKaumYGlpRzhKBZxcbggYXHo=",
      "dev": true,
      "requires": {
        "@types/hoist-non-react-statics": "^3.3.0",
        "@types/react": "*",
        "hoist-non-react-statics": "^3.3.0",
        "redux": "^4.0.0"
      }
    },
    "csstype": {
      "version": "2.6.10",
      "resolved": "https://registry.npm.taobao.org/csstype/download/csstype-2.6.10.tgz?cache=0&sync_timestamp=1585557010149&other_urls=https%3A%2F%2Fregistry.npm.taobao.org%2Fcsstype%2Fdownload%2Fcsstype-2.6.10.tgz",
      "integrity": "sha1-5jr1DmbXwmbttrMpCc/Qqr4Dkos=",
      "dev": true
    },
    "d": {
      "version": "1.0.1",
      "resolved": "https://registry.npm.taobao.org/d/download/d-1.0.1.tgz?cache=0&sync_timestamp=1560529642619&other_urls=https%3A%2F%2Fregistry.npm.taobao.org%2Fd%2Fdownload%2Fd-1.0.1.tgz",
      "integrity": "sha1-hpgJU3LVjb7jRv/Qxwk/mfj561o=",
      "requires": {
        "es5-ext": "^0.10.50",
        "type": "^1.0.1"
      }
    },
    "es5-ext": {
      "version": "0.10.53",
      "resolved": "https://registry.npm.taobao.org/es5-ext/download/es5-ext-0.10.53.tgz",
      "integrity": "sha1-k8WjrP2+8nUiCtcmRK0C7hg2jeE=",
      "requires": {
        "es6-iterator": "~2.0.3",
        "es6-symbol": "~3.1.3",
        "next-tick": "~1.0.0"
      }
    },
    "es6-iterator": {
      "version": "2.0.3",
      "resolved": "https://registry.npm.taobao.org/es6-iterator/download/es6-iterator-2.0.3.tgz",
      "integrity": "sha1-p96IkUGgWpSwhUQDstCg+/qY87c=",
      "requires": {
        "d": "1",
        "es5-ext": "^0.10.35",
        "es6-symbol": "^3.1.1"
      }
    },
    "es6-symbol": {
      "version": "3.1.3",
      "resolved": "https://registry.npm.taobao.org/es6-symbol/download/es6-symbol-3.1.3.tgz",
      "integrity": "sha1-utXTwbzawoJp9MszHkMceKxwXRg=",
      "requires": {
        "d": "^1.0.1",
        "ext": "^1.1.2"
      }
    },
    "ext": {
      "version": "1.4.0",
      "resolved": "https://registry.npm.taobao.org/ext/download/ext-1.4.0.tgz",
      "integrity": "sha1-ia56BxWPedNVF4gpBDJAd+Q3kkQ=",
      "requires": {
        "type": "^2.0.0"
      },
      "dependencies": {
        "type": {
          "version": "2.0.0",
          "resolved": "https://registry.npm.taobao.org/type/download/type-2.0.0.tgz",
          "integrity": "sha1-Xxb/bvLrRPJgSU2uJxAzspwJqcM="
        }
      }
    },
    "hoist-non-react-statics": {
      "version": "3.3.2",
      "resolved": "https://registry.npm.taobao.org/hoist-non-react-statics/download/hoist-non-react-statics-3.3.2.tgz",
      "integrity": "sha1-7OCsr3HWLClpwuxZ/v9CpLGoW0U=",
      "requires": {
        "react-is": "^16.7.0"
      }
    },
    "immer": {
      "version": "6.0.3",
      "resolved": "https://registry.npm.taobao.org/immer/download/immer-6.0.3.tgz?cache=0&sync_timestamp=1585688720113&other_urls=https%3A%2F%2Fregistry.npm.taobao.org%2Fimmer%2Fdownload%2Fimmer-6.0.3.tgz",
      "integrity": "sha1-lNUFHNckZoFgqQDWbYXsAoFvKb0="
    },
    "invariant": {
      "version": "2.2.4",
      "resolved": "https://registry.npm.taobao.org/invariant/download/invariant-2.2.4.tgz",
      "integrity": "sha1-YQ88ksk1nOHbYW5TgAjSP/NRWOY=",
      "dev": true,
      "requires": {
        "loose-envify": "^1.0.0"
      }
    },
    "iterare": {
      "version": "1.2.0",
      "resolved": "https://registry.npm.taobao.org/iterare/download/iterare-1.2.0.tgz",
      "integrity": "sha1-dCf17UWYbktz4v6pA1efERfz3RU="
    },
    "js-tokens": {
      "version": "4.0.0",
      "resolved": "https://registry.npm.taobao.org/js-tokens/download/js-tokens-4.0.0.tgz",
      "integrity": "sha1-GSA/tZmR35jjoocFDUZHzerzJJk="
    },
    "loose-envify": {
      "version": "1.4.0",
      "resolved": "https://registry.npm.taobao.org/loose-envify/download/loose-envify-1.4.0.tgz",
      "integrity": "sha1-ce5R+nvkyuwaY4OffmgtgTLTDK8=",
      "requires": {
        "js-tokens": "^3.0.0 || ^4.0.0"
      }
    },
    "next-tick": {
      "version": "1.0.0",
      "resolved": "https://registry.npm.taobao.org/next-tick/download/next-tick-1.0.0.tgz",
      "integrity": "sha1-yobR/ogoFpsBICCOPchCS524NCw="
    },
    "object-assign": {
      "version": "4.1.1",
      "resolved": "https://registry.npm.taobao.org/object-assign/download/object-assign-4.1.1.tgz",
      "integrity": "sha1-IQmtx5ZYh8/AXLvUQsrIv7s2CGM="
    },
    "prop-types": {
      "version": "15.7.2",
      "resolved": "https://registry.npm.taobao.org/prop-types/download/prop-types-15.7.2.tgz",
      "integrity": "sha1-UsQedbjIfnK52TYOAga5ncv/psU=",
      "requires": {
        "loose-envify": "^1.4.0",
        "object-assign": "^4.1.1",
        "react-is": "^16.8.1"
      }
    },
    "react": {
      "version": "16.13.1",
      "resolved": "https://registry.npm.taobao.org/react/download/react-16.13.1.tgz",
      "integrity": "sha1-LoGIIvGpdDEiwGPWQQ2FweOv5I4=",
      "dev": true,
      "requires": {
        "loose-envify": "^1.1.0",
        "object-assign": "^4.1.1",
        "prop-types": "^15.6.2"
      }
    },
    "react-is": {
      "version": "16.13.1",
      "resolved": "https://registry.npm.taobao.org/react-is/download/react-is-16.13.1.tgz",
      "integrity": "sha1-eJcppNw23imZ3BVt1sHZwYzqVqQ="
    },
    "react-redux": {
      "version": "7.2.0",
      "resolved": "https://registry.npm.taobao.org/react-redux/download/react-redux-7.2.0.tgz",
      "integrity": "sha1-+XD2IZKzmBZC/sRv0NsYoHT+h50=",
      "requires": {
        "@babel/runtime": "^7.5.5",
        "hoist-non-react-statics": "^3.3.0",
        "loose-envify": "^1.4.0",
        "prop-types": "^15.7.2",
        "react-is": "^16.9.0"
      }
    },
    "redux": {
      "version": "4.0.5",
      "resolved": "https://registry.npm.taobao.org/redux/download/redux-4.0.5.tgz",
      "integrity": "sha1-TbXeWBbheJHeioDEJCMtBvBR2T8=",
      "requires": {
        "loose-envify": "^1.4.0",
        "symbol-observable": "^1.2.0"
      }
    },
    "redux-saga": {
      "version": "1.1.3",
      "resolved": "https://registry.npm.taobao.org/redux-saga/download/redux-saga-1.1.3.tgz",
      "integrity": "sha1-nz5q69PJlLvA9pAaYl+aQrUdERI=",
      "requires": {
        "@redux-saga/core": "^1.1.3"
      }
    },
    "reflect-metadata": {
      "version": "0.1.13",
      "resolved": "https://registry.npm.taobao.org/reflect-metadata/download/reflect-metadata-0.1.13.tgz",
      "integrity": "sha1-Z648pXyXKiqhZCsQ/jY/4y1J3Ag="
    },
    "regenerator-runtime": {
      "version": "0.13.5",
      "resolved": "https://registry.npm.taobao.org/regenerator-runtime/download/regenerator-runtime-0.13.5.tgz?cache=0&sync_timestamp=1584052481783&other_urls=https%3A%2F%2Fregistry.npm.taobao.org%2Fregenerator-runtime%2Fdownload%2Fregenerator-runtime-0.13.5.tgz",
      "integrity": "sha1-2Hih0JS0MG0QuQlkhLM+vVXiZpc="
    },
    "symbol-observable": {
      "version": "1.2.0",
      "resolved": "https://registry.npm.taobao.org/symbol-observable/download/symbol-observable-1.2.0.tgz",
      "integrity": "sha1-wiaIrtTqs83C3+rLtWFmBWCgCAQ="
    },
    "type": {
      "version": "1.2.0",
      "resolved": "https://registry.npm.taobao.org/type/download/type-1.2.0.tgz",
      "integrity": "sha1-hI3XaY2vo+VKbEeedZxLw/GIR6A="
    },
    "typescript-compare": {
      "version": "0.0.2",
      "resolved": "https://registry.npm.taobao.org/typescript-compare/download/typescript-compare-0.0.2.tgz",
      "integrity": "sha1-fuQKQApAbC6gp+VR79MwkCHV9CU=",
      "requires": {
        "typescript-logic": "^0.0.0"
      }
    },
    "typescript-logic": {
      "version": "0.0.0",
      "resolved": "https://registry.npm.taobao.org/typescript-logic/download/typescript-logic-0.0.0.tgz",
      "integrity": "sha1-ZuvYKiVI8rREpDZnvsEgtJaJAZY="
    },
    "typescript-tuple": {
      "version": "2.2.1",
      "resolved": "https://registry.npm.taobao.org/typescript-tuple/download/typescript-tuple-2.2.1.tgz",
      "integrity": "sha1-fZgT+0s1X2msVQMuA2Pouw8E2tI=",
      "requires": {
        "typescript-compare": "^0.0.2"
      }
    }
  }
}
